{
  "nodes": {
    "go": {
      "inputs": {
        "nixpkgs": [
          "templates",
          "nixpkgs"
        ],
        "utils": [
          "templates",
          "utils"
        ]
      },
      "locked": {
        "lastModified": 1,
        "narHash": "sha256-dY/X+2kHSUpPbGSNRka2SXvkFROD6fMQ0pWuC1ihDKQ=",
        "path": "/nix/store/yjgl592g9rpjxa0rmsj763iw0d0i3c42-source/golang",
        "type": "path"
      },
      "original": {
        "path": "/nix/store/yjgl592g9rpjxa0rmsj763iw0d0i3c42-source/golang",
        "type": "path"
      }
    },
    "idris": {
      "inputs": {
        "nixpkgs": [
          "templates",
          "nixpkgs"
        ],
        "utils": [
          "templates",
          "utils"
        ]
      },
      "locked": {
        "lastModified": 1,
        "narHash": "sha256-ITqlJQmOr+KyFGQZnx+cH5DKrLe3okGWzVI6Qxj3ye0=",
        "path": "/nix/store/yjgl592g9rpjxa0rmsj763iw0d0i3c42-source/idris",
        "type": "path"
      },
      "original": {
        "path": "/nix/store/yjgl592g9rpjxa0rmsj763iw0d0i3c42-source/idris",
        "type": "path"
      }
    },
    "naersk": {
      "inputs": {
        "nixpkgs": [
          "templates",
          "nixpkgs"
        ]
      },
      "locked": {
        "lastModified": 1662220400,
        "narHash": "sha256-9o2OGQqu4xyLZP9K6kNe1pTHnyPz0Wr3raGYnr9AIgY=",
        "owner": "nix-community",
        "repo": "naersk",
        "rev": "6944160c19cb591eb85bbf9b2f2768a935623ed3",
        "type": "github"
      },
      "original": {
        "owner": "nix-community",
        "repo": "naersk",
        "type": "github"
      }
    },
    "nixpkgs": {
      "locked": {
        "lastModified": 1664020690,
        "narHash": "sha256-g36h+u9FZaHeHX8O8EQ9/dCJBbb9m43eiKLdKu0O8KI=",
        "owner": "NixOS",
        "repo": "nixpkgs",
        "rev": "9569998606020f3dd3120fdac2149b5cafca1687",
        "type": "github"
      },
      "original": {
        "id": "nixpkgs",
        "ref": "nixpkgs-unstable",
        "type": "indirect"
      }
    },
    "python": {
      "inputs": {
        "nixpkgs": [
          "templates",
          "nixpkgs"
        ],
        "utils": [
          "templates",
          "utils"
        ]
      },
      "locked": {
        "lastModified": 1,
        "narHash": "sha256-zhBOGu4kmSKKHhwbogKfRwQJuciWwUOnIbuK5x7VJB4=",
        "path": "/nix/store/yjgl592g9rpjxa0rmsj763iw0d0i3c42-source/python",
        "type": "path"
      },
      "original": {
        "path": "/nix/store/yjgl592g9rpjxa0rmsj763iw0d0i3c42-source/python",
        "type": "path"
      }
    },
    "root": {
      "inputs": {
        "nixpkgs": [
          "templates",
          "nixpkgs"
        ],
        "templates": "templates",
        "utils": [
          "templates",
          "utils"
        ]
      }
    },
    "rust": {
      "inputs": {
        "naersk": [
          "templates",
          "naersk"
        ],
        "nixpkgs": [
          "templates",
          "nixpkgs"
        ],
        "utils": [
          "templates",
          "utils"
        ]
      },
      "locked": {
        "lastModified": 1,
        "narHash": "sha256-iHTWOIBQFvPD9krBldzf6xLBgKu0Rjs3rWNqTkJUW4g=",
        "path": "/nix/store/yjgl592g9rpjxa0rmsj763iw0d0i3c42-source/rust",
        "type": "path"
      },
      "original": {
        "path": "/nix/store/yjgl592g9rpjxa0rmsj763iw0d0i3c42-source/rust",
        "type": "path"
      }
    },
    "templates": {
      "inputs": {
        "go": "go",
        "idris": "idris",
        "naersk": "naersk",
        "nixpkgs": "nixpkgs",
        "python": "python",
        "rust": "rust",
        "tree-sitter": "tree-sitter",
        "utils": "utils"
      },
      "locked": {
        "lastModified": 0,
        "narHash": "sha256-HD5+8BeR+B24m0KNQYTldtMk1SFfTv9xwRsf9Szy8mM=",
        "path": "../",
        "type": "path"
      },
      "original": {
        "path": "../",
        "type": "path"
      }
    },
    "tree-sitter": {
      "inputs": {
        "nixpkgs": [
          "templates",
          "nixpkgs"
        ],
        "utils": [
          "templates",
          "utils"
        ]
      },
      "locked": {
        "lastModified": 1,
        "narHash": "sha256-NCanCYVm31o8kLAROy1P7AU7/1Ad7+4ZlFzjsGL3/dc=",
        "path": "/nix/store/yjgl592g9rpjxa0rmsj763iw0d0i3c42-source/tree-sitter",
        "type": "path"
      },
      "original": {
        "path": "/nix/store/yjgl592g9rpjxa0rmsj763iw0d0i3c42-source/tree-sitter",
        "type": "path"
      }
    },
    "utils": {
      "locked": {
        "lastModified": 1659877975,
        "narHash": "sha256-zllb8aq3YO3h8B/U0/J1WBgAL8EX5yWf5pMj3G0NAmc=",
        "owner": "numtide",
        "repo": "flake-utils",
        "rev": "c0e246b9b83f637f4681389ecabcb2681b4f3af0",
        "type": "github"
      },
      "original": {
        "owner": "numtide",
        "repo": "flake-utils",
        "type": "github"
      }
    }
  },
  "root": "root",
  "version": 7
}
