{
  "nodes": {
    "colorout-src": {
      "flake": false,
      "locked": {
        "lastModified": 1695734099,
        "narHash": "sha256-j18mKqcIMS9ph9uJquweEMGJhmp5lsw7jko9nszBcUA=",
        "owner": "jalvesaq",
        "repo": "colorout",
        "rev": "838488283bbc0dbbce0a716db48b90b1ac6ff857",
        "type": "github"
      },
      "original": {
        "owner": "jalvesaq",
        "repo": "colorout",
        "type": "github"
      }
    },
    "naersk": {
      "inputs": {
        "nixpkgs": [
          "spaced",
          "nixpkgs"
        ]
      },
      "locked": {
        "lastModified": 1679567394,
        "narHash": "sha256-ZvLuzPeARDLiQUt6zSZFGOs+HZmE+3g4QURc8mkBsfM=",
        "owner": "nix-community",
        "repo": "naersk",
        "rev": "88cd22380154a2c36799fe8098888f0f59861a15",
        "type": "github"
      },
      "original": {
        "owner": "nix-community",
        "repo": "naersk",
        "type": "github"
      }
    },
    "nixpkgs": {
      "locked": {
        "lastModified": 1697009197,
        "narHash": "sha256-viVRhBTFT8fPJTb1N3brQIpFZnttmwo3JVKNuWRVc3s=",
        "owner": "NixOS",
        "repo": "nixpkgs",
        "rev": "01441e14af5e29c9d27ace398e6dd0b293e25a54",
        "type": "github"
      },
      "original": {
        "id": "nixpkgs",
        "ref": "nixpkgs-unstable",
        "type": "indirect"
      }
    },
    "root": {
      "inputs": {
        "colorout-src": "colorout-src",
        "nixpkgs": "nixpkgs",
        "spaced": "spaced",
        "taskmatter": "taskmatter",
        "utils": "utils"
      }
    },
    "spaced": {
      "inputs": {
        "naersk": "naersk",
        "nixpkgs": [
          "nixpkgs"
        ],
        "utils": [
          "utils"
        ]
      },
      "locked": {
        "lastModified": 1684084784,
        "narHash": "sha256-0NiWtGNNQSTUkp8B2DsB8JdmxbNzC227cCh2Fx7rY4A=",
        "owner": "mtoohey31",
        "repo": "spaced",
        "rev": "66c3cc3f70d0f46f8321afb89ca2c7b6d65d8e7c",
        "type": "github"
      },
      "original": {
        "owner": "mtoohey31",
        "repo": "spaced",
        "type": "github"
      }
    },
    "systems": {
      "locked": {
        "lastModified": 1681028828,
        "narHash": "sha256-Vy1rq5AaRuLzOxct8nz4T6wlgyUR7zLU309k9mBC768=",
        "owner": "nix-systems",
        "repo": "default",
        "rev": "da67096a3b9bf56a91d16901293e51ba5b49a27e",
        "type": "github"
      },
      "original": {
        "owner": "nix-systems",
        "repo": "default",
        "type": "github"
      }
    },
    "taskmatter": {
      "inputs": {
        "nixpkgs": [
          "nixpkgs"
        ],
        "utils": [
          "utils"
        ]
      },
      "locked": {
        "lastModified": 1695779142,
        "narHash": "sha256-mTg2JgQIewTFaZwtjkqbmsuOBAHkJ5SGjU2LIZOyJ3c=",
        "owner": "mtoohey31",
        "repo": "taskmatter",
        "rev": "3c656f907177e2341011c1fac89a78e7b8c33a67",
        "type": "github"
      },
      "original": {
        "owner": "mtoohey31",
        "repo": "taskmatter",
        "type": "github"
      }
    },
    "utils": {
      "inputs": {
        "systems": "systems"
      },
      "locked": {
        "lastModified": 1694529238,
        "narHash": "sha256-zsNZZGTGnMOf9YpHKJqMSsa0dXbfmxeoJ7xHlrt+xmY=",
        "owner": "numtide",
        "repo": "flake-utils",
        "rev": "ff7b65b44d01cf9ba6a71320833626af21126384",
        "type": "github"
      },
      "original": {
        "owner": "numtide",
        "repo": "flake-utils",
        "type": "github"
      }
    }
  },
  "root": "root",
  "version": 7
}
