{
  "nodes": {
    "colorout-src": {
      "flake": false,
      "locked": {
        "lastModified": 1617199358,
        "narHash": "sha256-5ymRtVdSC+r9A2YBx4W5wOyTpLPWcNDkhX4r6GfzouM=",
        "owner": "jalvesaq",
        "repo": "colorout",
        "rev": "79931fd025a21b86e1643dc8c4e4506ea83e2611",
        "type": "github"
      },
      "original": {
        "owner": "jalvesaq",
        "repo": "colorout",
        "type": "github"
      }
    },
    "naersk": {
      "inputs": {
        "nixpkgs": [
          "spaced",
          "nixpkgs"
        ]
      },
      "locked": {
        "lastModified": 1679567394,
        "narHash": "sha256-ZvLuzPeARDLiQUt6zSZFGOs+HZmE+3g4QURc8mkBsfM=",
        "owner": "nix-community",
        "repo": "naersk",
        "rev": "88cd22380154a2c36799fe8098888f0f59861a15",
        "type": "github"
      },
      "original": {
        "owner": "nix-community",
        "repo": "naersk",
        "type": "github"
      }
    },
    "nixpkgs": {
      "locked": {
        "lastModified": 1691709280,
        "narHash": "sha256-zmfH2OlZEXwv572d0g8f6M5Ac6RiO8TxymOpY3uuqrM=",
        "owner": "NixOS",
        "repo": "nixpkgs",
        "rev": "cf73a86c35a84de0e2f3ba494327cf6fb51c0dfd",
        "type": "github"
      },
      "original": {
        "id": "nixpkgs",
        "ref": "nixpkgs-unstable",
        "type": "indirect"
      }
    },
    "root": {
      "inputs": {
        "colorout-src": "colorout-src",
        "nixpkgs": "nixpkgs",
        "spaced": "spaced",
        "taskmatter": "taskmatter",
        "utils": "utils"
      }
    },
    "spaced": {
      "inputs": {
        "naersk": "naersk",
        "nixpkgs": [
          "nixpkgs"
        ],
        "utils": [
          "utils"
        ]
      },
      "locked": {
        "lastModified": 1684084784,
        "narHash": "sha256-0NiWtGNNQSTUkp8B2DsB8JdmxbNzC227cCh2Fx7rY4A=",
        "owner": "mtoohey31",
        "repo": "spaced",
        "rev": "66c3cc3f70d0f46f8321afb89ca2c7b6d65d8e7c",
        "type": "github"
      },
      "original": {
        "owner": "mtoohey31",
        "repo": "spaced",
        "type": "github"
      }
    },
    "systems": {
      "locked": {
        "lastModified": 1681028828,
        "narHash": "sha256-Vy1rq5AaRuLzOxct8nz4T6wlgyUR7zLU309k9mBC768=",
        "owner": "nix-systems",
        "repo": "default",
        "rev": "da67096a3b9bf56a91d16901293e51ba5b49a27e",
        "type": "github"
      },
      "original": {
        "owner": "nix-systems",
        "repo": "default",
        "type": "github"
      }
    },
    "taskmatter": {
      "inputs": {
        "nixpkgs": [
          "nixpkgs"
        ],
        "utils": [
          "utils"
        ]
      },
      "locked": {
        "lastModified": 1666917058,
        "narHash": "sha256-qCwU6PMWidPvEgYPKrIVWfUcdfAzesqnMVd3OOIM8AI=",
        "owner": "mtoohey31",
        "repo": "taskmatter",
        "rev": "136cfa9ea406ef756ab5cf528308d08629684dd7",
        "type": "github"
      },
      "original": {
        "owner": "mtoohey31",
        "repo": "taskmatter",
        "type": "github"
      }
    },
    "utils": {
      "inputs": {
        "systems": "systems"
      },
      "locked": {
        "lastModified": 1689068808,
        "narHash": "sha256-6ixXo3wt24N/melDWjq70UuHQLxGV8jZvooRanIHXw0=",
        "owner": "numtide",
        "repo": "flake-utils",
        "rev": "919d646de7be200f3bf08cb76ae1f09402b6f9b4",
        "type": "github"
      },
      "original": {
        "owner": "numtide",
        "repo": "flake-utils",
        "type": "github"
      }
    }
  },
  "root": "root",
  "version": 7
}
