{
  "nodes": {
    "colorout-src": {
      "flake": false,
      "locked": {
        "lastModified": 1617199358,
        "narHash": "sha256-5ymRtVdSC+r9A2YBx4W5wOyTpLPWcNDkhX4r6GfzouM=",
        "owner": "jalvesaq",
        "repo": "colorout",
        "rev": "79931fd025a21b86e1643dc8c4e4506ea83e2611",
        "type": "github"
      },
      "original": {
        "owner": "jalvesaq",
        "repo": "colorout",
        "type": "github"
      }
    },
    "nixpkgs": {
      "locked": {
        "lastModified": 1668086072,
        "narHash": "sha256-msFoXI5ThCmhTTqgl27hpCXWhaeqxphBaleJAgD8JYM=",
        "owner": "NixOS",
        "repo": "nixpkgs",
        "rev": "72d8853228c9758820c39b8659415b6d89279493",
        "type": "github"
      },
      "original": {
        "id": "nixpkgs",
        "ref": "nixpkgs-unstable",
        "type": "indirect"
      }
    },
    "root": {
      "inputs": {
        "colorout-src": "colorout-src",
        "nixpkgs": "nixpkgs",
        "taskmatter": "taskmatter",
        "utils": "utils"
      }
    },
    "taskmatter": {
      "inputs": {
        "nixpkgs": [
          "nixpkgs"
        ],
        "utils": [
          "utils"
        ]
      },
      "locked": {
        "lastModified": 1666917058,
        "narHash": "sha256-qCwU6PMWidPvEgYPKrIVWfUcdfAzesqnMVd3OOIM8AI=",
        "owner": "mtoohey31",
        "repo": "taskmatter",
        "rev": "136cfa9ea406ef756ab5cf528308d08629684dd7",
        "type": "github"
      },
      "original": {
        "owner": "mtoohey31",
        "repo": "taskmatter",
        "type": "github"
      }
    },
    "utils": {
      "locked": {
        "lastModified": 1667395993,
        "narHash": "sha256-nuEHfE/LcWyuSWnS8t12N1wc105Qtau+/OdUAjtQ0rA=",
        "owner": "numtide",
        "repo": "flake-utils",
        "rev": "5aed5285a952e0b949eb3ba02c12fa4fcfef535f",
        "type": "github"
      },
      "original": {
        "owner": "numtide",
        "repo": "flake-utils",
        "type": "github"
      }
    }
  },
  "root": "root",
  "version": 7
}
