{
  "nodes": {
    "gow-src": {
      "flake": false,
      "locked": {
        "lastModified": 1658922358,
        "narHash": "sha256-nKKvPeLGOG9W4G1/SxDjzbukO+yl46YlHW9DJ21/7Zo=",
        "owner": "mitranim",
        "repo": "gow",
        "rev": "9c7b31992631b27b1a0f31b819a0345deadc60f8",
        "type": "github"
      },
      "original": {
        "owner": "mitranim",
        "repo": "gow",
        "type": "github"
      }
    },
    "nixpkgs": {
      "locked": {
        "lastModified": 1660316542,
        "narHash": "sha256-wkFzAa5tEzp14OldtpqBHeMTNLGEJemMBfUWaXjJVOE=",
        "owner": "NixOS",
        "repo": "nixpkgs",
        "rev": "ff8e8d4b4f7c934e16546beefce9e547b6b65d5c",
        "type": "github"
      },
      "original": {
        "id": "nixpkgs",
        "ref": "nixpkgs-unstable",
        "type": "indirect"
      }
    },
    "root": {
      "inputs": {
        "gow-src": "gow-src",
        "nixpkgs": "nixpkgs",
        "utils": "utils",
        "yaegi-src": "yaegi-src"
      }
    },
    "utils": {
      "locked": {
        "lastModified": 1659877975,
        "narHash": "sha256-zllb8aq3YO3h8B/U0/J1WBgAL8EX5yWf5pMj3G0NAmc=",
        "owner": "numtide",
        "repo": "flake-utils",
        "rev": "c0e246b9b83f637f4681389ecabcb2681b4f3af0",
        "type": "github"
      },
      "original": {
        "owner": "numtide",
        "repo": "flake-utils",
        "type": "github"
      }
    },
    "yaegi-src": {
      "flake": false,
      "locked": {
        "lastModified": 1660140608,
        "narHash": "sha256-REXaaS3H+HFxGPQ2Y8uvxId5/mdbY2yK3IdWMZZq7xU=",
        "owner": "traefik",
        "repo": "yaegi",
        "rev": "b2aa636ea0d6a66d933511694072a2b624c0d6e3",
        "type": "github"
      },
      "original": {
        "owner": "traefik",
        "repo": "yaegi",
        "type": "github"
      }
    }
  },
  "root": "root",
  "version": 7
}
