{
  "nodes": {
    "gow-src": {
      "flake": false,
      "locked": {
        "lastModified": 1660819371,
        "narHash": "sha256-H8XfenMFskZI4t/BtpVSAhIlNDCkXUiP+gPAW9Z2pGA=",
        "owner": "mitranim",
        "repo": "gow",
        "rev": "11705ebc30f58ef0ec126d9bb7589d2711028d1f",
        "type": "github"
      },
      "original": {
        "owner": "mitranim",
        "repo": "gow",
        "type": "github"
      }
    },
    "nixpkgs": {
      "locked": {
        "lastModified": 1664020690,
        "narHash": "sha256-g36h+u9FZaHeHX8O8EQ9/dCJBbb9m43eiKLdKu0O8KI=",
        "owner": "NixOS",
        "repo": "nixpkgs",
        "rev": "9569998606020f3dd3120fdac2149b5cafca1687",
        "type": "github"
      },
      "original": {
        "id": "nixpkgs",
        "ref": "nixpkgs-unstable",
        "type": "indirect"
      }
    },
    "root": {
      "inputs": {
        "gow-src": "gow-src",
        "nixpkgs": "nixpkgs",
        "utils": "utils",
        "yaegi-src": "yaegi-src"
      }
    },
    "utils": {
      "locked": {
        "lastModified": 1659877975,
        "narHash": "sha256-zllb8aq3YO3h8B/U0/J1WBgAL8EX5yWf5pMj3G0NAmc=",
        "owner": "numtide",
        "repo": "flake-utils",
        "rev": "c0e246b9b83f637f4681389ecabcb2681b4f3af0",
        "type": "github"
      },
      "original": {
        "owner": "numtide",
        "repo": "flake-utils",
        "type": "github"
      }
    },
    "yaegi-src": {
      "flake": false,
      "locked": {
        "lastModified": 1663847409,
        "narHash": "sha256-dBQeI8eNKl5vtdfY3v7nkEI8oolzzjqCCR70s8ZAJDo=",
        "owner": "traefik",
        "repo": "yaegi",
        "rev": "dfeddbe823bceec9e96a0a1cd35cb22043f23ee4",
        "type": "github"
      },
      "original": {
        "owner": "traefik",
        "repo": "yaegi",
        "type": "github"
      }
    }
  },
  "root": "root",
  "version": 7
}
