{
  "nodes": {
    "go": {
      "inputs": {
        "nixpkgs": [
          "nixpkgs"
        ],
        "utils": [
          "utils"
        ]
      },
      "locked": {
        "lastModified": 1,
        "narHash": "sha256-U2v0WyB9jcdQy6Le0QaHUfaSuQ5il8qT/tUA1S+ElC0=",
        "path": "/nix/store/djcg6vfa574pcd29dnb3xy7w9xyy29gb-source/golang",
        "type": "path"
      },
      "original": {
        "path": "/nix/store/djcg6vfa574pcd29dnb3xy7w9xyy29gb-source/golang",
        "type": "path"
      }
    },
    "idris": {
      "inputs": {
        "nixpkgs": [
          "nixpkgs"
        ],
        "utils": [
          "utils"
        ]
      },
      "locked": {
        "lastModified": 1,
        "narHash": "sha256-QMxpOFwGa5kNtAPAeAQYf16VKuY6HhFIU3E69L1coBk=",
        "path": "/nix/store/djcg6vfa574pcd29dnb3xy7w9xyy29gb-source/idris",
        "type": "path"
      },
      "original": {
        "path": "/nix/store/djcg6vfa574pcd29dnb3xy7w9xyy29gb-source/idris",
        "type": "path"
      }
    },
    "naersk": {
      "inputs": {
        "nixpkgs": [
          "nixpkgs"
        ]
      },
      "locked": {
        "lastModified": 1698420672,
        "narHash": "sha256-/TdeHMPRjjdJub7p7+w55vyABrsJlt5QkznPYy55vKA=",
        "owner": "nix-community",
        "repo": "naersk",
        "rev": "aeb58d5e8faead8980a807c840232697982d47b9",
        "type": "github"
      },
      "original": {
        "owner": "nix-community",
        "repo": "naersk",
        "type": "github"
      }
    },
    "nixpkgs": {
      "locked": {
        "lastModified": 1700108881,
        "narHash": "sha256-+Lqybl8kj0+nD/IlAWPPG/RDTa47gff9nbei0u7BntE=",
        "owner": "NixOS",
        "repo": "nixpkgs",
        "rev": "7414e9ee0b3e9903c24d3379f577a417f0aae5f1",
        "type": "github"
      },
      "original": {
        "id": "nixpkgs",
        "ref": "nixpkgs-unstable",
        "type": "indirect"
      }
    },
    "python": {
      "inputs": {
        "nixpkgs": [
          "nixpkgs"
        ],
        "utils": [
          "utils"
        ]
      },
      "locked": {
        "lastModified": 1,
        "narHash": "sha256-maQHGMyIqHDVra0d9ov616WbvpE2rNc+DIAfmtdisao=",
        "path": "/nix/store/djcg6vfa574pcd29dnb3xy7w9xyy29gb-source/python",
        "type": "path"
      },
      "original": {
        "path": "/nix/store/djcg6vfa574pcd29dnb3xy7w9xyy29gb-source/python",
        "type": "path"
      }
    },
    "root": {
      "inputs": {
        "go": "go",
        "idris": "idris",
        "naersk": "naersk",
        "nixpkgs": "nixpkgs",
        "python": "python",
        "rust": "rust",
        "tree-sitter": "tree-sitter",
        "utils": "utils"
      }
    },
    "rust": {
      "inputs": {
        "naersk": [
          "naersk"
        ],
        "nixpkgs": [
          "nixpkgs"
        ],
        "utils": [
          "utils"
        ]
      },
      "locked": {
        "lastModified": 1,
        "narHash": "sha256-tfaxG5kTz5lub4t4OccKydt4chH6Nu87OPnAM7a62GE=",
        "path": "/nix/store/djcg6vfa574pcd29dnb3xy7w9xyy29gb-source/rust",
        "type": "path"
      },
      "original": {
        "path": "/nix/store/djcg6vfa574pcd29dnb3xy7w9xyy29gb-source/rust",
        "type": "path"
      }
    },
    "systems": {
      "locked": {
        "lastModified": 1681028828,
        "narHash": "sha256-Vy1rq5AaRuLzOxct8nz4T6wlgyUR7zLU309k9mBC768=",
        "owner": "nix-systems",
        "repo": "default",
        "rev": "da67096a3b9bf56a91d16901293e51ba5b49a27e",
        "type": "github"
      },
      "original": {
        "owner": "nix-systems",
        "repo": "default",
        "type": "github"
      }
    },
    "tree-sitter": {
      "inputs": {
        "nixpkgs": [
          "nixpkgs"
        ],
        "utils": [
          "utils"
        ]
      },
      "locked": {
        "lastModified": 1,
        "narHash": "sha256-Qgnh7KiK7uHxpH+LEmnrVu3l14tJLGMnnQbnHHLdmAM=",
        "path": "/nix/store/djcg6vfa574pcd29dnb3xy7w9xyy29gb-source/tree-sitter",
        "type": "path"
      },
      "original": {
        "path": "/nix/store/djcg6vfa574pcd29dnb3xy7w9xyy29gb-source/tree-sitter",
        "type": "path"
      }
    },
    "utils": {
      "inputs": {
        "systems": "systems"
      },
      "locked": {
        "lastModified": 1694529238,
        "narHash": "sha256-zsNZZGTGnMOf9YpHKJqMSsa0dXbfmxeoJ7xHlrt+xmY=",
        "owner": "numtide",
        "repo": "flake-utils",
        "rev": "ff7b65b44d01cf9ba6a71320833626af21126384",
        "type": "github"
      },
      "original": {
        "owner": "numtide",
        "repo": "flake-utils",
        "type": "github"
      }
    }
  },
  "root": "root",
  "version": 7
}
