{
  "nodes": {
    "go": {
      "inputs": {
        "nixpkgs": [
          "nixpkgs"
        ],
        "utils": [
          "utils"
        ]
      },
      "locked": {
        "lastModified": 1,
        "narHash": "sha256-dY/X+2kHSUpPbGSNRka2SXvkFROD6fMQ0pWuC1ihDKQ=",
        "path": "/nix/store/iihzf8nrdfj9r40nx1z4z6c4mwck2rgl-source/golang",
        "type": "path"
      },
      "original": {
        "path": "/nix/store/iihzf8nrdfj9r40nx1z4z6c4mwck2rgl-source/golang",
        "type": "path"
      }
    },
    "idris": {
      "inputs": {
        "nixpkgs": [
          "nixpkgs"
        ],
        "utils": [
          "utils"
        ]
      },
      "locked": {
        "lastModified": 1,
        "narHash": "sha256-ITqlJQmOr+KyFGQZnx+cH5DKrLe3okGWzVI6Qxj3ye0=",
        "path": "/nix/store/iihzf8nrdfj9r40nx1z4z6c4mwck2rgl-source/idris",
        "type": "path"
      },
      "original": {
        "path": "/nix/store/iihzf8nrdfj9r40nx1z4z6c4mwck2rgl-source/idris",
        "type": "path"
      }
    },
    "naersk": {
      "inputs": {
        "nixpkgs": [
          "nixpkgs"
        ]
      },
      "locked": {
        "lastModified": 1671096816,
        "narHash": "sha256-ezQCsNgmpUHdZANDCILm3RvtO1xH8uujk/+EqNvzIOg=",
        "owner": "nix-community",
        "repo": "naersk",
        "rev": "d998160d6a076cfe8f9741e56aeec7e267e3e114",
        "type": "github"
      },
      "original": {
        "owner": "nix-community",
        "repo": "naersk",
        "type": "github"
      }
    },
    "nixpkgs": {
      "locked": {
        "lastModified": 1675279076,
        "narHash": "sha256-I8sMB4TBkhNY4lcKtb+pwEDB50My3+JG5Ti8J3sEmCc=",
        "owner": "NixOS",
        "repo": "nixpkgs",
        "rev": "c6fd903606866634312e40cceb2caee8c0c9243f",
        "type": "github"
      },
      "original": {
        "id": "nixpkgs",
        "ref": "nixpkgs-unstable",
        "type": "indirect"
      }
    },
    "python": {
      "inputs": {
        "nixpkgs": [
          "nixpkgs"
        ],
        "utils": [
          "utils"
        ]
      },
      "locked": {
        "lastModified": 1,
        "narHash": "sha256-zhBOGu4kmSKKHhwbogKfRwQJuciWwUOnIbuK5x7VJB4=",
        "path": "/nix/store/iihzf8nrdfj9r40nx1z4z6c4mwck2rgl-source/python",
        "type": "path"
      },
      "original": {
        "path": "/nix/store/iihzf8nrdfj9r40nx1z4z6c4mwck2rgl-source/python",
        "type": "path"
      }
    },
    "root": {
      "inputs": {
        "go": "go",
        "idris": "idris",
        "naersk": "naersk",
        "nixpkgs": "nixpkgs",
        "python": "python",
        "rust": "rust",
        "tree-sitter": "tree-sitter",
        "utils": "utils"
      }
    },
    "rust": {
      "inputs": {
        "naersk": [
          "naersk"
        ],
        "nixpkgs": [
          "nixpkgs"
        ],
        "utils": [
          "utils"
        ]
      },
      "locked": {
        "lastModified": 1,
        "narHash": "sha256-iHTWOIBQFvPD9krBldzf6xLBgKu0Rjs3rWNqTkJUW4g=",
        "path": "/nix/store/iihzf8nrdfj9r40nx1z4z6c4mwck2rgl-source/rust",
        "type": "path"
      },
      "original": {
        "path": "/nix/store/iihzf8nrdfj9r40nx1z4z6c4mwck2rgl-source/rust",
        "type": "path"
      }
    },
    "tree-sitter": {
      "inputs": {
        "nixpkgs": [
          "nixpkgs"
        ],
        "utils": [
          "utils"
        ]
      },
      "locked": {
        "lastModified": 1,
        "narHash": "sha256-kQxFCu8E2vAKwRfI1pwe7ch3PfE1TMXWQLKenxbI2EU=",
        "path": "/nix/store/iihzf8nrdfj9r40nx1z4z6c4mwck2rgl-source/tree-sitter",
        "type": "path"
      },
      "original": {
        "path": "/nix/store/iihzf8nrdfj9r40nx1z4z6c4mwck2rgl-source/tree-sitter",
        "type": "path"
      }
    },
    "utils": {
      "locked": {
        "lastModified": 1667395993,
        "narHash": "sha256-nuEHfE/LcWyuSWnS8t12N1wc105Qtau+/OdUAjtQ0rA=",
        "owner": "numtide",
        "repo": "flake-utils",
        "rev": "5aed5285a952e0b949eb3ba02c12fa4fcfef535f",
        "type": "github"
      },
      "original": {
        "owner": "numtide",
        "repo": "flake-utils",
        "type": "github"
      }
    }
  },
  "root": "root",
  "version": 7
}
