{
  "nodes": {
    "go": {
      "inputs": {
        "nixpkgs": [
          "nixpkgs"
        ],
        "utils": [
          "utils"
        ]
      },
      "locked": {
        "lastModified": 1,
        "narHash": "sha256-C2kB8+3Tb4dpo0FEIUWvXLczRYTavG8uyvTmaLIq53U=",
        "path": "/nix/store/jr7yaq6q22aw6hcpdpkn3qyhnhzgnihw-source/golang",
        "type": "path"
      },
      "original": {
        "path": "/nix/store/jr7yaq6q22aw6hcpdpkn3qyhnhzgnihw-source/golang",
        "type": "path"
      }
    },
    "idris": {
      "inputs": {
        "nixpkgs": [
          "nixpkgs"
        ],
        "utils": [
          "utils"
        ]
      },
      "locked": {
        "lastModified": 1,
        "narHash": "sha256-41dpZ6KNunBGttIcR4NvhHt/f+fj7OIOpLNPJVFIdYI=",
        "path": "/nix/store/jr7yaq6q22aw6hcpdpkn3qyhnhzgnihw-source/idris",
        "type": "path"
      },
      "original": {
        "path": "/nix/store/jr7yaq6q22aw6hcpdpkn3qyhnhzgnihw-source/idris",
        "type": "path"
      }
    },
    "naersk": {
      "inputs": {
        "nixpkgs": [
          "nixpkgs"
        ]
      },
      "locked": {
        "lastModified": 1679567394,
        "narHash": "sha256-ZvLuzPeARDLiQUt6zSZFGOs+HZmE+3g4QURc8mkBsfM=",
        "owner": "nix-community",
        "repo": "naersk",
        "rev": "88cd22380154a2c36799fe8098888f0f59861a15",
        "type": "github"
      },
      "original": {
        "owner": "nix-community",
        "repo": "naersk",
        "type": "github"
      }
    },
    "nixpkgs": {
      "locked": {
        "lastModified": 1680942619,
        "narHash": "sha256-kpCW1IegAZfEjCVJW7IPN/hEtRL/9dxaFFYiHS5qVAk=",
        "owner": "NixOS",
        "repo": "nixpkgs",
        "rev": "6f95dd4fd050daf017cae2dfeb1cea1ec0e4c1a1",
        "type": "github"
      },
      "original": {
        "id": "nixpkgs",
        "ref": "nixpkgs-unstable",
        "type": "indirect"
      }
    },
    "python": {
      "inputs": {
        "nixpkgs": [
          "nixpkgs"
        ],
        "utils": [
          "utils"
        ]
      },
      "locked": {
        "lastModified": 1,
        "narHash": "sha256-TH9fe75cn4qrRgoviKIvXoPTJo+EeQDb2xmNOM+INqA=",
        "path": "/nix/store/jr7yaq6q22aw6hcpdpkn3qyhnhzgnihw-source/python",
        "type": "path"
      },
      "original": {
        "path": "/nix/store/jr7yaq6q22aw6hcpdpkn3qyhnhzgnihw-source/python",
        "type": "path"
      }
    },
    "root": {
      "inputs": {
        "go": "go",
        "idris": "idris",
        "naersk": "naersk",
        "nixpkgs": "nixpkgs",
        "python": "python",
        "rust": "rust",
        "tree-sitter": "tree-sitter",
        "utils": "utils"
      }
    },
    "rust": {
      "inputs": {
        "naersk": [
          "naersk"
        ],
        "nixpkgs": [
          "nixpkgs"
        ],
        "utils": [
          "utils"
        ]
      },
      "locked": {
        "lastModified": 1,
        "narHash": "sha256-pRDb1RKPqDKAIjjDHNk9P4Am/Lg1OtMRgkhRfIBhgDU=",
        "path": "/nix/store/jr7yaq6q22aw6hcpdpkn3qyhnhzgnihw-source/rust",
        "type": "path"
      },
      "original": {
        "path": "/nix/store/jr7yaq6q22aw6hcpdpkn3qyhnhzgnihw-source/rust",
        "type": "path"
      }
    },
    "tree-sitter": {
      "inputs": {
        "nixpkgs": [
          "nixpkgs"
        ],
        "utils": [
          "utils"
        ]
      },
      "locked": {
        "lastModified": 1,
        "narHash": "sha256-m2u8JTx4Zjp7Gzytq/t7bdEBkowNPJudElzOn/2FnFk=",
        "path": "/nix/store/jr7yaq6q22aw6hcpdpkn3qyhnhzgnihw-source/tree-sitter",
        "type": "path"
      },
      "original": {
        "path": "/nix/store/jr7yaq6q22aw6hcpdpkn3qyhnhzgnihw-source/tree-sitter",
        "type": "path"
      }
    },
    "utils": {
      "locked": {
        "lastModified": 1680946745,
        "narHash": "sha256-KqGlwg9UTDsFBZZB8wzXgMnc8XQm95LtSbFvBsnqkPI=",
        "owner": "numtide",
        "repo": "flake-utils",
        "rev": "946da791763db1c306b86a8bd3828bf5814a1247",
        "type": "github"
      },
      "original": {
        "owner": "numtide",
        "repo": "flake-utils",
        "type": "github"
      }
    }
  },
  "root": "root",
  "version": 7
}
