{
  "nodes": {
    "naersk": {
      "inputs": {
        "nixpkgs": [
          "spaced",
          "nixpkgs"
        ]
      },
      "locked": {
        "lastModified": 1679567394,
        "narHash": "sha256-ZvLuzPeARDLiQUt6zSZFGOs+HZmE+3g4QURc8mkBsfM=",
        "owner": "nix-community",
        "repo": "naersk",
        "rev": "88cd22380154a2c36799fe8098888f0f59861a15",
        "type": "github"
      },
      "original": {
        "owner": "nix-community",
        "repo": "naersk",
        "type": "github"
      }
    },
    "nixpkgs": {
      "locked": {
        "lastModified": 1680942619,
        "narHash": "sha256-kpCW1IegAZfEjCVJW7IPN/hEtRL/9dxaFFYiHS5qVAk=",
        "owner": "NixOS",
        "repo": "nixpkgs",
        "rev": "6f95dd4fd050daf017cae2dfeb1cea1ec0e4c1a1",
        "type": "github"
      },
      "original": {
        "id": "nixpkgs",
        "ref": "nixpkgs-unstable",
        "type": "indirect"
      }
    },
    "root": {
      "inputs": {
        "nixpkgs": "nixpkgs",
        "spaced": "spaced",
        "taskmatter": "taskmatter",
        "utils": "utils"
      }
    },
    "spaced": {
      "inputs": {
        "naersk": "naersk",
        "nixpkgs": [
          "nixpkgs"
        ],
        "utils": [
          "utils"
        ]
      },
      "locked": {
        "lastModified": 1684084784,
        "narHash": "sha256-0NiWtGNNQSTUkp8B2DsB8JdmxbNzC227cCh2Fx7rY4A=",
        "owner": "mtoohey31",
        "repo": "spaced",
        "rev": "66c3cc3f70d0f46f8321afb89ca2c7b6d65d8e7c",
        "type": "github"
      },
      "original": {
        "owner": "mtoohey31",
        "repo": "spaced",
        "type": "github"
      }
    },
    "taskmatter": {
      "inputs": {
        "nixpkgs": [
          "nixpkgs"
        ],
        "utils": [
          "utils"
        ]
      },
      "locked": {
        "lastModified": 1666917058,
        "narHash": "sha256-qCwU6PMWidPvEgYPKrIVWfUcdfAzesqnMVd3OOIM8AI=",
        "owner": "mtoohey31",
        "repo": "taskmatter",
        "rev": "136cfa9ea406ef756ab5cf528308d08629684dd7",
        "type": "github"
      },
      "original": {
        "owner": "mtoohey31",
        "repo": "taskmatter",
        "type": "github"
      }
    },
    "utils": {
      "locked": {
        "lastModified": 1680946745,
        "narHash": "sha256-KqGlwg9UTDsFBZZB8wzXgMnc8XQm95LtSbFvBsnqkPI=",
        "owner": "numtide",
        "repo": "flake-utils",
        "rev": "946da791763db1c306b86a8bd3828bf5814a1247",
        "type": "github"
      },
      "original": {
        "owner": "numtide",
        "repo": "flake-utils",
        "type": "github"
      }
    }
  },
  "root": "root",
  "version": 7
}
